
Microsoft Visual Studio Solution File, Format Version 12.00
# Visual Studio 15
VisualStudioVersion = 15.0.28307.1401
MinimumVisualStudioVersion = 10.0.40219.1
Project("{FAE04EC0-301F-11D3-BF4B-00C04F79EFBC}") = "K173795-Lab_3", "K173795-Lab_3\K173795-Lab_3.csproj", "{550C8F3B-BC92-4B2E-9E92-239B8D39DD8C}"
EndProject
Global
	GlobalSection(SolutionConfigurationPlatforms) = preSolution
		Debug|Any CPU = Debug|Any CPU
		Release|Any CPU = Release|Any CPU
	EndGlobalSection
	GlobalSection(ProjectConfigurationPlatforms) = postSolution
		{550C8F3B-BC92-4B2E-9E92-239B8D39DD8C}.Debug|Any CPU.ActiveCfg = Debug|Any CPU
		{550C8F3B-BC92-4B2E-9E92-239B8D39DD8C}.Debug|Any CPU.Build.0 = Debug|Any CPU
		{550C8F3B-BC92-4B2E-9E92-239B8D39DD8C}.Release|Any CPU.ActiveCfg = Release|Any CPU
		{550C8F3B-BC92-4B2E-9E92-239B8D39DD8C}.Release|Any CPU.Build.0 = Release|Any CPU
	EndGlobalSection
	GlobalSection(SolutionProperties) = preSolution
		HideSolutionNode = FALSE
	EndGlobalSection
	GlobalSection(ExtensibilityGlobals) = postSolution
		SolutionGuid = {B47045FD-976F-4D24-A02E-34B457C792BD}
	EndGlobalSection
EndGlobal
